// !$*UTF8*$!
{
	archiveVersion = 1;
	classes = {
	};
	objectVersion = 55;
	objects = {

/* Begin PBXBuildFile section */
		0B988DC227F9D8E200927DCE /* NewsApiSourcesViewModel.swift in Sources */ = {isa = PBXBuildFile; fileRef = 0B988DC127F9D8E200927DCE /* NewsApiSourcesViewModel.swift */; };
		0B988E0727F9E0C000927DCE /* NewsApiSourceCell.swift in Sources */ = {isa = PBXBuildFile; fileRef = 0B988E0627F9E0C000927DCE /* NewsApiSourceCell.swift */; };
		0B988E0927F9E1D200927DCE /* NewsApiSourcesList.swift in Sources */ = {isa = PBXBuildFile; fileRef = 0B988E0827F9E1D200927DCE /* NewsApiSourcesList.swift */; };
		0B988E1027F9E68F00927DCE /* LoadingIndicatorModifier.swift in Sources */ = {isa = PBXBuildFile; fileRef = 0B988E0B27F9E68E00927DCE /* LoadingIndicatorModifier.swift */; };
		0B988E1127F9E68F00927DCE /* View+Indicator.swift in Sources */ = {isa = PBXBuildFile; fileRef = 0B988E0D27F9E68F00927DCE /* View+Indicator.swift */; };
		0B988E1227F9E68F00927DCE /* Collection+LastElement.swift in Sources */ = {isa = PBXBuildFile; fileRef = 0B988E0E27F9E68F00927DCE /* Collection+LastElement.swift */; };
		0B988E1527F9E85E00927DCE /* Other.swift in Sources */ = {isa = PBXBuildFile; fileRef = 0B988E1427F9E85E00927DCE /* Other.swift */; };
		739D24B33AD1165E343599C4 /* Pods_Practice2.framework in Frameworks */ = {isa = PBXBuildFile; fileRef = D48D78FECF3172844C2E8C9F /* Pods_Practice2.framework */; };
		CE821BB427FEBF8800E4AAF4 /* BackButton.swift in Sources */ = {isa = PBXBuildFile; fileRef = CE821BB327FEBF8800E4AAF4 /* BackButton.swift */; };
		CE821BB627FEC08200E4AAF4 /* NavigationBar.swift in Sources */ = {isa = PBXBuildFile; fileRef = CE821BB527FEC08200E4AAF4 /* NavigationBar.swift */; };
		CE821BB827FEDC9200E4AAF4 /* NewDetailInfo.swift in Sources */ = {isa = PBXBuildFile; fileRef = CE821BB727FEDC9200E4AAF4 /* NewDetailInfo.swift */; };
		CE821BD027FF24D600E4AAF4 /* Extensions.swift in Sources */ = {isa = PBXBuildFile; fileRef = CE821BB927FF24D500E4AAF4 /* Extensions.swift */; };
		CE821BD127FF24D600E4AAF4 /* JSONValue.swift in Sources */ = {isa = PBXBuildFile; fileRef = CE821BBA27FF24D500E4AAF4 /* JSONValue.swift */; };
		CE821BD227FF24D600E4AAF4 /* TheNewsApiResults.swift in Sources */ = {isa = PBXBuildFile; fileRef = CE821BBC27FF24D500E4AAF4 /* TheNewsApiResults.swift */; };
		CE821BD327FF24D600E4AAF4 /* TheNewsApiResult.swift in Sources */ = {isa = PBXBuildFile; fileRef = CE821BBD27FF24D500E4AAF4 /* TheNewsApiResult.swift */; };
		CE821BD427FF24D600E4AAF4 /* NewsApiResult.swift in Sources */ = {isa = PBXBuildFile; fileRef = CE821BBE27FF24D500E4AAF4 /* NewsApiResult.swift */; };
		CE821BD527FF24D600E4AAF4 /* NewsApiSources.swift in Sources */ = {isa = PBXBuildFile; fileRef = CE821BBF27FF24D500E4AAF4 /* NewsApiSources.swift */; };
		CE821BD627FF24D600E4AAF4 /* NewsApiResultSource.swift in Sources */ = {isa = PBXBuildFile; fileRef = CE821BC027FF24D500E4AAF4 /* NewsApiResultSource.swift */; };
		CE821BD727FF24D600E4AAF4 /* NewsApiResults.swift in Sources */ = {isa = PBXBuildFile; fileRef = CE821BC127FF24D500E4AAF4 /* NewsApiResults.swift */; };
		CE821BD827FF24D600E4AAF4 /* TheNewsApiSourcesMeta.swift in Sources */ = {isa = PBXBuildFile; fileRef = CE821BC227FF24D500E4AAF4 /* TheNewsApiSourcesMeta.swift */; };
		CE821BD927FF24D600E4AAF4 /* TheNewsApiSource.swift in Sources */ = {isa = PBXBuildFile; fileRef = CE821BC327FF24D500E4AAF4 /* TheNewsApiSource.swift */; };
		CE821BDA27FF24D600E4AAF4 /* TheNewsApiSources.swift in Sources */ = {isa = PBXBuildFile; fileRef = CE821BC427FF24D500E4AAF4 /* TheNewsApiSources.swift */; };
		CE821BDB27FF24D600E4AAF4 /* NewsApiSource.swift in Sources */ = {isa = PBXBuildFile; fileRef = CE821BC527FF24D500E4AAF4 /* NewsApiSource.swift */; };
		CE821BDC27FF24D600E4AAF4 /* Models.swift in Sources */ = {isa = PBXBuildFile; fileRef = CE821BC627FF24D500E4AAF4 /* Models.swift */; };
		CE821BDD27FF24D600E4AAF4 /* JSONEncodingHelper.swift in Sources */ = {isa = PBXBuildFile; fileRef = CE821BC727FF24D500E4AAF4 /* JSONEncodingHelper.swift */; };
		CE821BDE27FF24D600E4AAF4 /* JSONEncodableEncoding.swift in Sources */ = {isa = PBXBuildFile; fileRef = CE821BC827FF24D500E4AAF4 /* JSONEncodableEncoding.swift */; };
		CE821BDF27FF24D600E4AAF4 /* AlamofireImplementations.swift in Sources */ = {isa = PBXBuildFile; fileRef = CE821BC927FF24D600E4AAF4 /* AlamofireImplementations.swift */; };
		CE821BE027FF24D600E4AAF4 /* APIHelper.swift in Sources */ = {isa = PBXBuildFile; fileRef = CE821BCA27FF24D600E4AAF4 /* APIHelper.swift */; };
		CE821BE127FF24D600E4AAF4 /* Configuration.swift in Sources */ = {isa = PBXBuildFile; fileRef = CE821BCB27FF24D600E4AAF4 /* Configuration.swift */; };
		CE821BE227FF24D600E4AAF4 /* APIs.swift in Sources */ = {isa = PBXBuildFile; fileRef = CE821BCC27FF24D600E4AAF4 /* APIs.swift */; };
		CE821BE327FF24D600E4AAF4 /* DefaultAPI.swift in Sources */ = {isa = PBXBuildFile; fileRef = CE821BCE27FF24D600E4AAF4 /* DefaultAPI.swift */; };
		CE821BE427FF24D600E4AAF4 /* CodableHelper.swift in Sources */ = {isa = PBXBuildFile; fileRef = CE821BCF27FF24D600E4AAF4 /* CodableHelper.swift */; };
		CE821BE627FF2A0800E4AAF4 /* TheNewsApiResultsList.swift in Sources */ = {isa = PBXBuildFile; fileRef = CE821BE527FF2A0800E4AAF4 /* TheNewsApiResultsList.swift */; };
		CE821BE827FF2A2500E4AAF4 /* TheNewsApiResultsViewModel.swift in Sources */ = {isa = PBXBuildFile; fileRef = CE821BE727FF2A2500E4AAF4 /* TheNewsApiResultsViewModel.swift */; };
		CE821BEA27FF2BFD00E4AAF4 /* TheNewsApiResultCell.swift in Sources */ = {isa = PBXBuildFile; fileRef = CE821BE927FF2BFD00E4AAF4 /* TheNewsApiResultCell.swift */; };
		CEC5667327FC03D200CF3684 /* TheNewsApiSourceCell.swift in Sources */ = {isa = PBXBuildFile; fileRef = CEC5667227FC03D200CF3684 /* TheNewsApiSourceCell.swift */; };
		CEC5667727FC041700CF3684 /* TheNewsApiSourcesViewModel.swift in Sources */ = {isa = PBXBuildFile; fileRef = CEC5667627FC041700CF3684 /* TheNewsApiSourcesViewModel.swift */; };
		CEC5667827FC075D00CF3684 /* TheNewsApiSourcesList.swift in Sources */ = {isa = PBXBuildFile; fileRef = CEC5667427FC03F300CF3684 /* TheNewsApiSourcesList.swift */; };
		CEC5668127FC463C00CF3684 /* NavigationStack.swift in Sources */ = {isa = PBXBuildFile; fileRef = CEC5667A27FC463C00CF3684 /* NavigationStack.swift */; };
		CEC5668227FC463C00CF3684 /* NavigationContainerViewModel.swift in Sources */ = {isa = PBXBuildFile; fileRef = CEC5667B27FC463C00CF3684 /* NavigationContainerViewModel.swift */; };
		CEC5668327FC463C00CF3684 /* LazyView.swift in Sources */ = {isa = PBXBuildFile; fileRef = CEC5667C27FC463C00CF3684 /* LazyView.swift */; };
		CEC5668427FC463C00CF3684 /* Screen.swift in Sources */ = {isa = PBXBuildFile; fileRef = CEC5667D27FC463C00CF3684 /* Screen.swift */; };
		CEC5668527FC463C00CF3684 /* SwiftUIView.swift in Sources */ = {isa = PBXBuildFile; fileRef = CEC5667E27FC463C00CF3684 /* SwiftUIView.swift */; };
		CEC5668627FC463C00CF3684 /* Transition.swift in Sources */ = {isa = PBXBuildFile; fileRef = CEC5667F27FC463C00CF3684 /* Transition.swift */; };
		CEC5668727FC463C00CF3684 /* NavigationContainerView.swift in Sources */ = {isa = PBXBuildFile; fileRef = CEC5668027FC463C00CF3684 /* NavigationContainerView.swift */; };
		CEC5672927FC62A900CF3684 /* NewsApiResultCell.swift in Sources */ = {isa = PBXBuildFile; fileRef = CEC5672827FC62A900CF3684 /* NewsApiResultCell.swift */; };
		CEC5672B27FC69E200CF3684 /* NewsApiResultsViewModel.swift in Sources */ = {isa = PBXBuildFile; fileRef = CEC5672A27FC69E200CF3684 /* NewsApiResultsViewModel.swift */; };
		CEC5672D27FC6E4A00CF3684 /* NewsApiResultsList.swift in Sources */ = {isa = PBXBuildFile; fileRef = CEC5672C27FC6E4A00CF3684 /* NewsApiResultsList.swift */; };
		CEE61E3F27F46CF1009F111C /* Practice2App.swift in Sources */ = {isa = PBXBuildFile; fileRef = CEE61E3E27F46CF1009F111C /* Practice2App.swift */; };
		CEE61E4127F46CF2009F111C /* ContentView.swift in Sources */ = {isa = PBXBuildFile; fileRef = CEE61E4027F46CF2009F111C /* ContentView.swift */; };
		CEE61E4327F46CF5009F111C /* Assets.xcassets in Resources */ = {isa = PBXBuildFile; fileRef = CEE61E4227F46CF5009F111C /* Assets.xcassets */; };
/* End PBXBuildFile section */

/* Begin PBXFileReference section */
		0B988DC127F9D8E200927DCE /* NewsApiSourcesViewModel.swift */ = {isa = PBXFileReference; lastKnownFileType = sourcecode.swift; path = NewsApiSourcesViewModel.swift; sourceTree = "<group>"; };
		0B988E0627F9E0C000927DCE /* NewsApiSourceCell.swift */ = {isa = PBXFileReference; lastKnownFileType = sourcecode.swift; path = NewsApiSourceCell.swift; sourceTree = "<group>"; };
		0B988E0827F9E1D200927DCE /* NewsApiSourcesList.swift */ = {isa = PBXFileReference; lastKnownFileType = sourcecode.swift; path = NewsApiSourcesList.swift; sourceTree = "<group>"; };
		0B988E0B27F9E68E00927DCE /* LoadingIndicatorModifier.swift */ = {isa = PBXFileReference; fileEncoding = 4; lastKnownFileType = sourcecode.swift; path = LoadingIndicatorModifier.swift; sourceTree = "<group>"; };
		0B988E0D27F9E68F00927DCE /* View+Indicator.swift */ = {isa = PBXFileReference; fileEncoding = 4; lastKnownFileType = sourcecode.swift; path = "View+Indicator.swift"; sourceTree = "<group>"; };
		0B988E0E27F9E68F00927DCE /* Collection+LastElement.swift */ = {isa = PBXFileReference; fileEncoding = 4; lastKnownFileType = sourcecode.swift; path = "Collection+LastElement.swift"; sourceTree = "<group>"; };
		0B988E1427F9E85E00927DCE /* Other.swift */ = {isa = PBXFileReference; lastKnownFileType = sourcecode.swift; path = Other.swift; sourceTree = "<group>"; };
		7FFF11672A2DFCEB81F5B3C5 /* Pods-Practice2.debug.xcconfig */ = {isa = PBXFileReference; includeInIndex = 1; lastKnownFileType = text.xcconfig; name = "Pods-Practice2.debug.xcconfig"; path = "Target Support Files/Pods-Practice2/Pods-Practice2.debug.xcconfig"; sourceTree = "<group>"; };
		965DFF08A75B19560509A10F /* Pods-Practice2.release.xcconfig */ = {isa = PBXFileReference; includeInIndex = 1; lastKnownFileType = text.xcconfig; name = "Pods-Practice2.release.xcconfig"; path = "Target Support Files/Pods-Practice2/Pods-Practice2.release.xcconfig"; sourceTree = "<group>"; };
		CE821BB327FEBF8800E4AAF4 /* BackButton.swift */ = {isa = PBXFileReference; lastKnownFileType = sourcecode.swift; path = BackButton.swift; sourceTree = "<group>"; };
		CE821BB527FEC08200E4AAF4 /* NavigationBar.swift */ = {isa = PBXFileReference; lastKnownFileType = sourcecode.swift; path = NavigationBar.swift; sourceTree = "<group>"; };
		CE821BB727FEDC9200E4AAF4 /* NewDetailInfo.swift */ = {isa = PBXFileReference; lastKnownFileType = sourcecode.swift; path = NewDetailInfo.swift; sourceTree = "<group>"; };
		CE821BB927FF24D500E4AAF4 /* Extensions.swift */ = {isa = PBXFileReference; fileEncoding = 4; lastKnownFileType = sourcecode.swift; path = Extensions.swift; sourceTree = "<group>"; };
		CE821BBA27FF24D500E4AAF4 /* JSONValue.swift */ = {isa = PBXFileReference; fileEncoding = 4; lastKnownFileType = sourcecode.swift; path = JSONValue.swift; sourceTree = "<group>"; };
		CE821BBC27FF24D500E4AAF4 /* TheNewsApiResults.swift */ = {isa = PBXFileReference; fileEncoding = 4; lastKnownFileType = sourcecode.swift; path = TheNewsApiResults.swift; sourceTree = "<group>"; };
		CE821BBD27FF24D500E4AAF4 /* TheNewsApiResult.swift */ = {isa = PBXFileReference; fileEncoding = 4; lastKnownFileType = sourcecode.swift; path = TheNewsApiResult.swift; sourceTree = "<group>"; };
		CE821BBE27FF24D500E4AAF4 /* NewsApiResult.swift */ = {isa = PBXFileReference; fileEncoding = 4; lastKnownFileType = sourcecode.swift; path = NewsApiResult.swift; sourceTree = "<group>"; };
		CE821BBF27FF24D500E4AAF4 /* NewsApiSources.swift */ = {isa = PBXFileReference; fileEncoding = 4; lastKnownFileType = sourcecode.swift; path = NewsApiSources.swift; sourceTree = "<group>"; };
		CE821BC027FF24D500E4AAF4 /* NewsApiResultSource.swift */ = {isa = PBXFileReference; fileEncoding = 4; lastKnownFileType = sourcecode.swift; path = NewsApiResultSource.swift; sourceTree = "<group>"; };
		CE821BC127FF24D500E4AAF4 /* NewsApiResults.swift */ = {isa = PBXFileReference; fileEncoding = 4; lastKnownFileType = sourcecode.swift; path = NewsApiResults.swift; sourceTree = "<group>"; };
		CE821BC227FF24D500E4AAF4 /* TheNewsApiSourcesMeta.swift */ = {isa = PBXFileReference; fileEncoding = 4; lastKnownFileType = sourcecode.swift; path = TheNewsApiSourcesMeta.swift; sourceTree = "<group>"; };
		CE821BC327FF24D500E4AAF4 /* TheNewsApiSource.swift */ = {isa = PBXFileReference; fileEncoding = 4; lastKnownFileType = sourcecode.swift; path = TheNewsApiSource.swift; sourceTree = "<group>"; };
		CE821BC427FF24D500E4AAF4 /* TheNewsApiSources.swift */ = {isa = PBXFileReference; fileEncoding = 4; lastKnownFileType = sourcecode.swift; path = TheNewsApiSources.swift; sourceTree = "<group>"; };
		CE821BC527FF24D500E4AAF4 /* NewsApiSource.swift */ = {isa = PBXFileReference; fileEncoding = 4; lastKnownFileType = sourcecode.swift; path = NewsApiSource.swift; sourceTree = "<group>"; };
		CE821BC627FF24D500E4AAF4 /* Models.swift */ = {isa = PBXFileReference; fileEncoding = 4; lastKnownFileType = sourcecode.swift; path = Models.swift; sourceTree = "<group>"; };
		CE821BC727FF24D500E4AAF4 /* JSONEncodingHelper.swift */ = {isa = PBXFileReference; fileEncoding = 4; lastKnownFileType = sourcecode.swift; path = JSONEncodingHelper.swift; sourceTree = "<group>"; };
		CE821BC827FF24D500E4AAF4 /* JSONEncodableEncoding.swift */ = {isa = PBXFileReference; fileEncoding = 4; lastKnownFileType = sourcecode.swift; path = JSONEncodableEncoding.swift; sourceTree = "<group>"; };
		CE821BC927FF24D600E4AAF4 /* AlamofireImplementations.swift */ = {isa = PBXFileReference; fileEncoding = 4; lastKnownFileType = sourcecode.swift; path = AlamofireImplementations.swift; sourceTree = "<group>"; };
		CE821BCA27FF24D600E4AAF4 /* APIHelper.swift */ = {isa = PBXFileReference; fileEncoding = 4; lastKnownFileType = sourcecode.swift; path = APIHelper.swift; sourceTree = "<group>"; };
		CE821BCB27FF24D600E4AAF4 /* Configuration.swift */ = {isa = PBXFileReference; fileEncoding = 4; lastKnownFileType = sourcecode.swift; path = Configuration.swift; sourceTree = "<group>"; };
		CE821BCC27FF24D600E4AAF4 /* APIs.swift */ = {isa = PBXFileReference; fileEncoding = 4; lastKnownFileType = sourcecode.swift; path = APIs.swift; sourceTree = "<group>"; };
		CE821BCE27FF24D600E4AAF4 /* DefaultAPI.swift */ = {isa = PBXFileReference; fileEncoding = 4; lastKnownFileType = sourcecode.swift; path = DefaultAPI.swift; sourceTree = "<group>"; };
		CE821BCF27FF24D600E4AAF4 /* CodableHelper.swift */ = {isa = PBXFileReference; fileEncoding = 4; lastKnownFileType = sourcecode.swift; path = CodableHelper.swift; sourceTree = "<group>"; };
		CE821BE527FF2A0800E4AAF4 /* TheNewsApiResultsList.swift */ = {isa = PBXFileReference; fileEncoding = 4; lastKnownFileType = sourcecode.swift; path = TheNewsApiResultsList.swift; sourceTree = "<group>"; };
		CE821BE727FF2A2500E4AAF4 /* TheNewsApiResultsViewModel.swift */ = {isa = PBXFileReference; fileEncoding = 4; lastKnownFileType = sourcecode.swift; path = TheNewsApiResultsViewModel.swift; sourceTree = "<group>"; };
		CE821BE927FF2BFD00E4AAF4 /* TheNewsApiResultCell.swift */ = {isa = PBXFileReference; fileEncoding = 4; lastKnownFileType = sourcecode.swift; path = TheNewsApiResultCell.swift; sourceTree = "<group>"; };
		CEC5667227FC03D200CF3684 /* TheNewsApiSourceCell.swift */ = {isa = PBXFileReference; fileEncoding = 4; lastKnownFileType = sourcecode.swift; path = TheNewsApiSourceCell.swift; sourceTree = "<group>"; };
		CEC5667427FC03F300CF3684 /* TheNewsApiSourcesList.swift */ = {isa = PBXFileReference; fileEncoding = 4; lastKnownFileType = sourcecode.swift; path = TheNewsApiSourcesList.swift; sourceTree = "<group>"; };
		CEC5667627FC041700CF3684 /* TheNewsApiSourcesViewModel.swift */ = {isa = PBXFileReference; fileEncoding = 4; lastKnownFileType = sourcecode.swift; path = TheNewsApiSourcesViewModel.swift; sourceTree = "<group>"; };
		CEC5667A27FC463C00CF3684 /* NavigationStack.swift */ = {isa = PBXFileReference; fileEncoding = 4; lastKnownFileType = sourcecode.swift; path = NavigationStack.swift; sourceTree = "<group>"; };
		CEC5667B27FC463C00CF3684 /* NavigationContainerViewModel.swift */ = {isa = PBXFileReference; fileEncoding = 4; lastKnownFileType = sourcecode.swift; path = NavigationContainerViewModel.swift; sourceTree = "<group>"; };
		CEC5667C27FC463C00CF3684 /* LazyView.swift */ = {isa = PBXFileReference; fileEncoding = 4; lastKnownFileType = sourcecode.swift; path = LazyView.swift; sourceTree = "<group>"; };
		CEC5667D27FC463C00CF3684 /* Screen.swift */ = {isa = PBXFileReference; fileEncoding = 4; lastKnownFileType = sourcecode.swift; path = Screen.swift; sourceTree = "<group>"; };
		CEC5667E27FC463C00CF3684 /* SwiftUIView.swift */ = {isa = PBXFileReference; fileEncoding = 4; lastKnownFileType = sourcecode.swift; path = SwiftUIView.swift; sourceTree = "<group>"; };
		CEC5667F27FC463C00CF3684 /* Transition.swift */ = {isa = PBXFileReference; fileEncoding = 4; lastKnownFileType = sourcecode.swift; path = Transition.swift; sourceTree = "<group>"; };
		CEC5668027FC463C00CF3684 /* NavigationContainerView.swift */ = {isa = PBXFileReference; fileEncoding = 4; lastKnownFileType = sourcecode.swift; path = NavigationContainerView.swift; sourceTree = "<group>"; };
		CEC5672827FC62A900CF3684 /* NewsApiResultCell.swift */ = {isa = PBXFileReference; fileEncoding = 4; lastKnownFileType = sourcecode.swift; path = NewsApiResultCell.swift; sourceTree = "<group>"; };
		CEC5672A27FC69E200CF3684 /* NewsApiResultsViewModel.swift */ = {isa = PBXFileReference; fileEncoding = 4; lastKnownFileType = sourcecode.swift; path = NewsApiResultsViewModel.swift; sourceTree = "<group>"; };
		CEC5672C27FC6E4A00CF3684 /* NewsApiResultsList.swift */ = {isa = PBXFileReference; fileEncoding = 4; lastKnownFileType = sourcecode.swift; path = NewsApiResultsList.swift; sourceTree = "<group>"; };
		CEE61E3B27F46CF1009F111C /* Practice2.app */ = {isa = PBXFileReference; explicitFileType = wrapper.application; includeInIndex = 0; path = Practice2.app; sourceTree = BUILT_PRODUCTS_DIR; };
		CEE61E3E27F46CF1009F111C /* Practice2App.swift */ = {isa = PBXFileReference; lastKnownFileType = sourcecode.swift; path = Practice2App.swift; sourceTree = "<group>"; };
		CEE61E4027F46CF2009F111C /* ContentView.swift */ = {isa = PBXFileReference; lastKnownFileType = sourcecode.swift; path = ContentView.swift; sourceTree = "<group>"; };
		CEE61E4227F46CF5009F111C /* Assets.xcassets */ = {isa = PBXFileReference; lastKnownFileType = folder.assetcatalog; path = Assets.xcassets; sourceTree = "<group>"; };
		D48D78FECF3172844C2E8C9F /* Pods_Practice2.framework */ = {isa = PBXFileReference; explicitFileType = wrapper.framework; includeInIndex = 0; path = Pods_Practice2.framework; sourceTree = BUILT_PRODUCTS_DIR; };
/* End PBXFileReference section */

/* Begin PBXFrameworksBuildPhase section */
		CEE61E3827F46CF1009F111C /* Frameworks */ = {
			isa = PBXFrameworksBuildPhase;
			buildActionMask = 2147483647;
			files = (
				739D24B33AD1165E343599C4 /* Pods_Practice2.framework in Frameworks */,
			);
			runOnlyForDeploymentPostprocessing = 0;
		};
/* End PBXFrameworksBuildPhase section */

/* Begin PBXGroup section */
		0B988DC027F9D89200927DCE /* ViewModels */ = {
			isa = PBXGroup;
			children = (
				0B988DC127F9D8E200927DCE /* NewsApiSourcesViewModel.swift */,
				CEC5672A27FC69E200CF3684 /* NewsApiResultsViewModel.swift */,
				CEC5667627FC041700CF3684 /* TheNewsApiSourcesViewModel.swift */,
				CE821BE727FF2A2500E4AAF4 /* TheNewsApiResultsViewModel.swift */,
			);
			path = ViewModels;
			sourceTree = "<group>";
		};
		0B988DE327F9DCF100927DCE /* Modules */ = {
			isa = PBXGroup;
			children = (
				CEC5667927FC463C00CF3684 /* NavigationStack */,
				0B988E0A27F9E68E00927DCE /* Modificators */,
				0B988E0C27F9E68F00927DCE /* Extensions */,
				0B988E0427F9E09000927DCE /* Networking */,
			);
			path = Modules;
			sourceTree = "<group>";
		};
		0B988E0427F9E09000927DCE /* Networking */ = {
			isa = PBXGroup;
			children = (
				CE821BC927FF24D600E4AAF4 /* AlamofireImplementations.swift */,
				CE821BCA27FF24D600E4AAF4 /* APIHelper.swift */,
				CE821BCD27FF24D600E4AAF4 /* APIs */,
				CE821BCC27FF24D600E4AAF4 /* APIs.swift */,
				CE821BCF27FF24D600E4AAF4 /* CodableHelper.swift */,
				CE821BCB27FF24D600E4AAF4 /* Configuration.swift */,
				CE821BB927FF24D500E4AAF4 /* Extensions.swift */,
				CE821BC827FF24D500E4AAF4 /* JSONEncodableEncoding.swift */,
				CE821BC727FF24D500E4AAF4 /* JSONEncodingHelper.swift */,
				CE821BBA27FF24D500E4AAF4 /* JSONValue.swift */,
				CE821BBB27FF24D500E4AAF4 /* Models */,
				CE821BC627FF24D500E4AAF4 /* Models.swift */,
			);
			path = Networking;
			sourceTree = "<group>";
		};
		0B988E0527F9E0A700927DCE /* Views */ = {
			isa = PBXGroup;
			children = (
				0B988E0827F9E1D200927DCE /* NewsApiSourcesList.swift */,
				0B988E0627F9E0C000927DCE /* NewsApiSourceCell.swift */,
				CEC5672C27FC6E4A00CF3684 /* NewsApiResultsList.swift */,
				CE821BE527FF2A0800E4AAF4 /* TheNewsApiResultsList.swift */,
				CEC5672827FC62A900CF3684 /* NewsApiResultCell.swift */,
				CE821BE927FF2BFD00E4AAF4 /* TheNewsApiResultCell.swift */,
				CEC5667427FC03F300CF3684 /* TheNewsApiSourcesList.swift */,
				CEC5667227FC03D200CF3684 /* TheNewsApiSourceCell.swift */,
				CE821BB327FEBF8800E4AAF4 /* BackButton.swift */,
				CE821BB527FEC08200E4AAF4 /* NavigationBar.swift */,
				CE821BB727FEDC9200E4AAF4 /* NewDetailInfo.swift */,
			);
			path = Views;
			sourceTree = "<group>";
		};
		0B988E0A27F9E68E00927DCE /* Modificators */ = {
			isa = PBXGroup;
			children = (
				0B988E0B27F9E68E00927DCE /* LoadingIndicatorModifier.swift */,
			);
			path = Modificators;
			sourceTree = "<group>";
		};
		0B988E0C27F9E68F00927DCE /* Extensions */ = {
			isa = PBXGroup;
			children = (
				0B988E0D27F9E68F00927DCE /* View+Indicator.swift */,
				0B988E0E27F9E68F00927DCE /* Collection+LastElement.swift */,
				0B988E1427F9E85E00927DCE /* Other.swift */,
			);
			path = Extensions;
			sourceTree = "<group>";
		};
		A60E7D531F887FD08FF80CE2 /* Pods */ = {
			isa = PBXGroup;
			children = (
				7FFF11672A2DFCEB81F5B3C5 /* Pods-Practice2.debug.xcconfig */,
				965DFF08A75B19560509A10F /* Pods-Practice2.release.xcconfig */,
			);
			path = Pods;
			sourceTree = "<group>";
		};
		BCFA895676D4CDDAE3933395 /* Frameworks */ = {
			isa = PBXGroup;
			children = (
				D48D78FECF3172844C2E8C9F /* Pods_Practice2.framework */,
			);
			name = Frameworks;
			sourceTree = "<group>";
		};
		CE821BBB27FF24D500E4AAF4 /* Models */ = {
			isa = PBXGroup;
			children = (
				CE821BBC27FF24D500E4AAF4 /* TheNewsApiResults.swift */,
				CE821BBD27FF24D500E4AAF4 /* TheNewsApiResult.swift */,
				CE821BC427FF24D500E4AAF4 /* TheNewsApiSources.swift */,
				CE821BC327FF24D500E4AAF4 /* TheNewsApiSource.swift */,
				CE821BC227FF24D500E4AAF4 /* TheNewsApiSourcesMeta.swift */,
				CE821BBF27FF24D500E4AAF4 /* NewsApiSources.swift */,
				CE821BC527FF24D500E4AAF4 /* NewsApiSource.swift */,
				CE821BC127FF24D500E4AAF4 /* NewsApiResults.swift */,
				CE821BBE27FF24D500E4AAF4 /* NewsApiResult.swift */,
				CE821BC027FF24D500E4AAF4 /* NewsApiResultSource.swift */,
			);
			path = Models;
			sourceTree = "<group>";
		};
		CE821BCD27FF24D600E4AAF4 /* APIs */ = {
			isa = PBXGroup;
			children = (
				CE821BCE27FF24D600E4AAF4 /* DefaultAPI.swift */,
			);
			path = APIs;
			sourceTree = "<group>";
		};
		CEC5667927FC463C00CF3684 /* NavigationStack */ = {
			isa = PBXGroup;
			children = (
				CEC5667A27FC463C00CF3684 /* NavigationStack.swift */,
				CEC5667B27FC463C00CF3684 /* NavigationContainerViewModel.swift */,
				CEC5667C27FC463C00CF3684 /* LazyView.swift */,
				CEC5667D27FC463C00CF3684 /* Screen.swift */,
				CEC5667E27FC463C00CF3684 /* SwiftUIView.swift */,
				CEC5667F27FC463C00CF3684 /* Transition.swift */,
				CEC5668027FC463C00CF3684 /* NavigationContainerView.swift */,
			);
			path = NavigationStack;
			sourceTree = "<group>";
		};
		CEE61E3227F46CF1009F111C = {
			isa = PBXGroup;
			children = (
				CEE61E3D27F46CF1009F111C /* Practice2 */,
				CEE61E3C27F46CF1009F111C /* Products */,
				A60E7D531F887FD08FF80CE2 /* Pods */,
				BCFA895676D4CDDAE3933395 /* Frameworks */,
			);
			sourceTree = "<group>";
		};
		CEE61E3C27F46CF1009F111C /* Products */ = {
			isa = PBXGroup;
			children = (
				CEE61E3B27F46CF1009F111C /* Practice2.app */,
			);
			name = Products;
			sourceTree = "<group>";
		};
		CEE61E3D27F46CF1009F111C /* Practice2 */ = {
			isa = PBXGroup;
			children = (
				0B988DC027F9D89200927DCE /* ViewModels */,
				0B988E0527F9E0A700927DCE /* Views */,
				0B988DE327F9DCF100927DCE /* Modules */,
				CEE61E3E27F46CF1009F111C /* Practice2App.swift */,
				CEE61E4027F46CF2009F111C /* ContentView.swift */,
				CEE61E4227F46CF5009F111C /* Assets.xcassets */,
			);
			path = Practice2;
			sourceTree = "<group>";
		};
/* End PBXGroup section */

/* Begin PBXNativeTarget section */
		CEE61E3A27F46CF1009F111C /* Practice2 */ = {
			isa = PBXNativeTarget;
			buildConfigurationList = CEE61E4927F46CF5009F111C /* Build configuration list for PBXNativeTarget "Practice2" */;
			buildPhases = (
				0AD4C699C7CB6AE7D43EDBA4 /* [CP] Check Pods Manifest.lock */,
				CEE61E3727F46CF1009F111C /* Sources */,
				CEE61E3827F46CF1009F111C /* Frameworks */,
				CEE61E3927F46CF1009F111C /* Resources */,
				18358FA7AD612F3BCB18295B /* [CP] Embed Pods Frameworks */,
			);
			buildRules = (
			);
			dependencies = (
			);
			name = Practice2;
			productName = Practice2;
			productReference = CEE61E3B27F46CF1009F111C /* Practice2.app */;
			productType = "com.apple.product-type.application";
		};
/* End PBXNativeTarget section */

/* Begin PBXProject section */
		CEE61E3327F46CF1009F111C /* Project object */ = {
			isa = PBXProject;
			attributes = {
				BuildIndependentTargetsInParallel = 1;
				LastSwiftUpdateCheck = 1320;
				LastUpgradeCheck = 1320;
				TargetAttributes = {
					CEE61E3A27F46CF1009F111C = {
						CreatedOnToolsVersion = 13.2.1;
					};
				};
			};
			buildConfigurationList = CEE61E3627F46CF1009F111C /* Build configuration list for PBXProject "Practice2" */;
			compatibilityVersion = "Xcode 13.0";
			developmentRegion = en;
			hasScannedForEncodings = 0;
			knownRegions = (
				en,
				Base,
			);
			mainGroup = CEE61E3227F46CF1009F111C;
			productRefGroup = CEE61E3C27F46CF1009F111C /* Products */;
			projectDirPath = "";
			projectRoot = "";
			targets = (
				CEE61E3A27F46CF1009F111C /* Practice2 */,
			);
		};
/* End PBXProject section */

/* Begin PBXResourcesBuildPhase section */
		CEE61E3927F46CF1009F111C /* Resources */ = {
			isa = PBXResourcesBuildPhase;
			buildActionMask = 2147483647;
			files = (
				CEE61E4327F46CF5009F111C /* Assets.xcassets in Resources */,
			);
			runOnlyForDeploymentPostprocessing = 0;
		};
/* End PBXResourcesBuildPhase section */

/* Begin PBXShellScriptBuildPhase section */
		0AD4C699C7CB6AE7D43EDBA4 /* [CP] Check Pods Manifest.lock */ = {
			isa = PBXShellScriptBuildPhase;
			buildActionMask = 2147483647;
			files = (
			);
			inputFileListPaths = (
			);
			inputPaths = (
				"${PODS_PODFILE_DIR_PATH}/Podfile.lock",
				"${PODS_ROOT}/Manifest.lock",
			);
			name = "[CP] Check Pods Manifest.lock";
			outputFileListPaths = (
			);
			outputPaths = (
				"$(DERIVED_FILE_DIR)/Pods-Practice2-checkManifestLockResult.txt",
			);
			runOnlyForDeploymentPostprocessing = 0;
			shellPath = /bin/sh;
			shellScript = "diff \"${PODS_PODFILE_DIR_PATH}/Podfile.lock\" \"${PODS_ROOT}/Manifest.lock\" > /dev/null\nif [ $? != 0 ] ; then\n    # print error to STDERR\n    echo \"error: The sandbox is not in sync with the Podfile.lock. Run 'pod install' or update your CocoaPods installation.\" >&2\n    exit 1\nfi\n# This output is used by Xcode 'outputs' to avoid re-running this script phase.\necho \"SUCCESS\" > \"${SCRIPT_OUTPUT_FILE_0}\"\n";
			showEnvVarsInLog = 0;
		};
		18358FA7AD612F3BCB18295B /* [CP] Embed Pods Frameworks */ = {
			isa = PBXShellScriptBuildPhase;
			buildActionMask = 2147483647;
			files = (
			);
			inputFileListPaths = (
				"${PODS_ROOT}/Target Support Files/Pods-Practice2/Pods-Practice2-frameworks-${CONFIGURATION}-input-files.xcfilelist",
			);
			name = "[CP] Embed Pods Frameworks";
			outputFileListPaths = (
				"${PODS_ROOT}/Target Support Files/Pods-Practice2/Pods-Practice2-frameworks-${CONFIGURATION}-output-files.xcfilelist",
			);
			runOnlyForDeploymentPostprocessing = 0;
			shellPath = /bin/sh;
			shellScript = "\"${PODS_ROOT}/Target Support Files/Pods-Practice2/Pods-Practice2-frameworks.sh\"\n";
			showEnvVarsInLog = 0;
		};
/* End PBXShellScriptBuildPhase section */

/* Begin PBXSourcesBuildPhase section */
		CEE61E3727F46CF1009F111C /* Sources */ = {
			isa = PBXSourcesBuildPhase;
			buildActionMask = 2147483647;
			files = (
				CE821BE027FF24D600E4AAF4 /* APIHelper.swift in Sources */,
				CEC5668427FC463C00CF3684 /* Screen.swift in Sources */,
				CE821BD727FF24D600E4AAF4 /* NewsApiResults.swift in Sources */,
				CE821BB827FEDC9200E4AAF4 /* NewDetailInfo.swift in Sources */,
				0B988E0927F9E1D200927DCE /* NewsApiSourcesList.swift in Sources */,
				CE821BD427FF24D600E4AAF4 /* NewsApiResult.swift in Sources */,
				CEC5672927FC62A900CF3684 /* NewsApiResultCell.swift in Sources */,
				CE821BE327FF24D600E4AAF4 /* DefaultAPI.swift in Sources */,
				CEC5672B27FC69E200CF3684 /* NewsApiResultsViewModel.swift in Sources */,
				CE821BB627FEC08200E4AAF4 /* NavigationBar.swift in Sources */,
				CE821BE127FF24D600E4AAF4 /* Configuration.swift in Sources */,
				CE821BEA27FF2BFD00E4AAF4 /* TheNewsApiResultCell.swift in Sources */,
				CE821BDB27FF24D600E4AAF4 /* NewsApiSource.swift in Sources */,
				0B988E1127F9E68F00927DCE /* View+Indicator.swift in Sources */,
				CEE61E4127F46CF2009F111C /* ContentView.swift in Sources */,
				CEC5668227FC463C00CF3684 /* NavigationContainerViewModel.swift in Sources */,
				CE821BD527FF24D600E4AAF4 /* NewsApiSources.swift in Sources */,
				CE821BE427FF24D600E4AAF4 /* CodableHelper.swift in Sources */,
				CEC5668727FC463C00CF3684 /* NavigationContainerView.swift in Sources */,
				CE821BE827FF2A2500E4AAF4 /* TheNewsApiResultsViewModel.swift in Sources */,
				CE821BDD27FF24D600E4AAF4 /* JSONEncodingHelper.swift in Sources */,
				CE821BE627FF2A0800E4AAF4 /* TheNewsApiResultsList.swift in Sources */,
				0B988DC227F9D8E200927DCE /* NewsApiSourcesViewModel.swift in Sources */,
				CE821BDC27FF24D600E4AAF4 /* Models.swift in Sources */,
				CE821BDA27FF24D600E4AAF4 /* TheNewsApiSources.swift in Sources */,
				CEC5668127FC463C00CF3684 /* NavigationStack.swift in Sources */,
				CEC5668527FC463C00CF3684 /* SwiftUIView.swift in Sources */,
				CE821BDE27FF24D600E4AAF4 /* JSONEncodableEncoding.swift in Sources */,
				CE821BD627FF24D600E4AAF4 /* NewsApiResultSource.swift in Sources */,
				CE821BD327FF24D600E4AAF4 /* TheNewsApiResult.swift in Sources */,
				CEC5667327FC03D200CF3684 /* TheNewsApiSourceCell.swift in Sources */,
				CE821BD927FF24D600E4AAF4 /* TheNewsApiSource.swift in Sources */,
				CEC5668327FC463C00CF3684 /* LazyView.swift in Sources */,
				CE821BB427FEBF8800E4AAF4 /* BackButton.swift in Sources */,
				CEC5667727FC041700CF3684 /* TheNewsApiSourcesViewModel.swift in Sources */,
				CEC5667827FC075D00CF3684 /* TheNewsApiSourcesList.swift in Sources */,
				0B988E1227F9E68F00927DCE /* Collection+LastElement.swift in Sources */,
				0B988E0727F9E0C000927DCE /* NewsApiSourceCell.swift in Sources */,
				CEC5672D27FC6E4A00CF3684 /* NewsApiResultsList.swift in Sources */,
				CE821BD027FF24D600E4AAF4 /* Extensions.swift in Sources */,
				CE821BD827FF24D600E4AAF4 /* TheNewsApiSourcesMeta.swift in Sources */,
				CEC5668627FC463C00CF3684 /* Transition.swift in Sources */,
				0B988E1527F9E85E00927DCE /* Other.swift in Sources */,
				CE821BE227FF24D600E4AAF4 /* APIs.swift in Sources */,
				CE821BDF27FF24D600E4AAF4 /* AlamofireImplementations.swift in Sources */,
				CE821BD227FF24D600E4AAF4 /* TheNewsApiResults.swift in Sources */,
				CE821BD127FF24D600E4AAF4 /* JSONValue.swift in Sources */,
				0B988E1027F9E68F00927DCE /* LoadingIndicatorModifier.swift in Sources */,
				CEE61E3F27F46CF1009F111C /* Practice2App.swift in Sources */,
			);
			runOnlyForDeploymentPostprocessing = 0;
		};
/* End PBXSourcesBuildPhase section */

/* Begin XCBuildConfiguration section */
		CEE61E4727F46CF5009F111C /* Debug */ = {
			isa = XCBuildConfiguration;
			buildSettings = {
				ALWAYS_SEARCH_USER_PATHS = NO;
				CLANG_ANALYZER_NONNULL = YES;
				CLANG_ANALYZER_NUMBER_OBJECT_CONVERSION = YES_AGGRESSIVE;
				CLANG_CXX_LANGUAGE_STANDARD = "gnu++17";
				CLANG_CXX_LIBRARY = "libc++";
				CLANG_ENABLE_MODULES = YES;
				CLANG_ENABLE_OBJC_ARC = YES;
				CLANG_ENABLE_OBJC_WEAK = YES;
				CLANG_WARN_BLOCK_CAPTURE_AUTORELEASING = YES;
				CLANG_WARN_BOOL_CONVERSION = YES;
				CLANG_WARN_COMMA = YES;
				CLANG_WARN_CONSTANT_CONVERSION = YES;
				CLANG_WARN_DEPRECATED_OBJC_IMPLEMENTATIONS = YES;
				CLANG_WARN_DIRECT_OBJC_ISA_USAGE = YES_ERROR;
				CLANG_WARN_DOCUMENTATION_COMMENTS = YES;
				CLANG_WARN_EMPTY_BODY = YES;
				CLANG_WARN_ENUM_CONVERSION = YES;
				CLANG_WARN_INFINITE_RECURSION = YES;
				CLANG_WARN_INT_CONVERSION = YES;
				CLANG_WARN_NON_LITERAL_NULL_CONVERSION = YES;
				CLANG_WARN_OBJC_IMPLICIT_RETAIN_SELF = YES;
				CLANG_WARN_OBJC_LITERAL_CONVERSION = YES;
				CLANG_WARN_OBJC_ROOT_CLASS = YES_ERROR;
				CLANG_WARN_QUOTED_INCLUDE_IN_FRAMEWORK_HEADER = YES;
				CLANG_WARN_RANGE_LOOP_ANALYSIS = YES;
				CLANG_WARN_STRICT_PROTOTYPES = YES;
				CLANG_WARN_SUSPICIOUS_MOVE = YES;
				CLANG_WARN_UNGUARDED_AVAILABILITY = YES_AGGRESSIVE;
				CLANG_WARN_UNREACHABLE_CODE = YES;
				CLANG_WARN__DUPLICATE_METHOD_MATCH = YES;
				COPY_PHASE_STRIP = NO;
				DEBUG_INFORMATION_FORMAT = dwarf;
				ENABLE_STRICT_OBJC_MSGSEND = YES;
				ENABLE_TESTABILITY = YES;
				GCC_C_LANGUAGE_STANDARD = gnu11;
				GCC_DYNAMIC_NO_PIC = NO;
				GCC_NO_COMMON_BLOCKS = YES;
				GCC_OPTIMIZATION_LEVEL = 0;
				GCC_PREPROCESSOR_DEFINITIONS = (
					"DEBUG=1",
					"$(inherited)",
				);
				GCC_WARN_64_TO_32_BIT_CONVERSION = YES;
				GCC_WARN_ABOUT_RETURN_TYPE = YES_ERROR;
				GCC_WARN_UNDECLARED_SELECTOR = YES;
				GCC_WARN_UNINITIALIZED_AUTOS = YES_AGGRESSIVE;
				GCC_WARN_UNUSED_FUNCTION = YES;
				GCC_WARN_UNUSED_VARIABLE = YES;
				IPHONEOS_DEPLOYMENT_TARGET = 15.2;
				MTL_ENABLE_DEBUG_INFO = INCLUDE_SOURCE;
				MTL_FAST_MATH = YES;
				ONLY_ACTIVE_ARCH = YES;
				SDKROOT = iphoneos;
				SWIFT_ACTIVE_COMPILATION_CONDITIONS = DEBUG;
				SWIFT_OPTIMIZATION_LEVEL = "-Onone";
			};
			name = Debug;
		};
		CEE61E4827F46CF5009F111C /* Release */ = {
			isa = XCBuildConfiguration;
			buildSettings = {
				ALWAYS_SEARCH_USER_PATHS = NO;
				CLANG_ANALYZER_NONNULL = YES;
				CLANG_ANALYZER_NUMBER_OBJECT_CONVERSION = YES_AGGRESSIVE;
				CLANG_CXX_LANGUAGE_STANDARD = "gnu++17";
				CLANG_CXX_LIBRARY = "libc++";
				CLANG_ENABLE_MODULES = YES;
				CLANG_ENABLE_OBJC_ARC = YES;
				CLANG_ENABLE_OBJC_WEAK = YES;
				CLANG_WARN_BLOCK_CAPTURE_AUTORELEASING = YES;
				CLANG_WARN_BOOL_CONVERSION = YES;
				CLANG_WARN_COMMA = YES;
				CLANG_WARN_CONSTANT_CONVERSION = YES;
				CLANG_WARN_DEPRECATED_OBJC_IMPLEMENTATIONS = YES;
				CLANG_WARN_DIRECT_OBJC_ISA_USAGE = YES_ERROR;
				CLANG_WARN_DOCUMENTATION_COMMENTS = YES;
				CLANG_WARN_EMPTY_BODY = YES;
				CLANG_WARN_ENUM_CONVERSION = YES;
				CLANG_WARN_INFINITE_RECURSION = YES;
				CLANG_WARN_INT_CONVERSION = YES;
				CLANG_WARN_NON_LITERAL_NULL_CONVERSION = YES;
				CLANG_WARN_OBJC_IMPLICIT_RETAIN_SELF = YES;
				CLANG_WARN_OBJC_LITERAL_CONVERSION = YES;
				CLANG_WARN_OBJC_ROOT_CLASS = YES_ERROR;
				CLANG_WARN_QUOTED_INCLUDE_IN_FRAMEWORK_HEADER = YES;
				CLANG_WARN_RANGE_LOOP_ANALYSIS = YES;
				CLANG_WARN_STRICT_PROTOTYPES = YES;
				CLANG_WARN_SUSPICIOUS_MOVE = YES;
				CLANG_WARN_UNGUARDED_AVAILABILITY = YES_AGGRESSIVE;
				CLANG_WARN_UNREACHABLE_CODE = YES;
				CLANG_WARN__DUPLICATE_METHOD_MATCH = YES;
				COPY_PHASE_STRIP = NO;
				DEBUG_INFORMATION_FORMAT = "dwarf-with-dsym";
				ENABLE_NS_ASSERTIONS = NO;
				ENABLE_STRICT_OBJC_MSGSEND = YES;
				GCC_C_LANGUAGE_STANDARD = gnu11;
				GCC_NO_COMMON_BLOCKS = YES;
				GCC_WARN_64_TO_32_BIT_CONVERSION = YES;
				GCC_WARN_ABOUT_RETURN_TYPE = YES_ERROR;
				GCC_WARN_UNDECLARED_SELECTOR = YES;
				GCC_WARN_UNINITIALIZED_AUTOS = YES_AGGRESSIVE;
				GCC_WARN_UNUSED_FUNCTION = YES;
				GCC_WARN_UNUSED_VARIABLE = YES;
				IPHONEOS_DEPLOYMENT_TARGET = 15.2;
				MTL_ENABLE_DEBUG_INFO = NO;
				MTL_FAST_MATH = YES;
				SDKROOT = iphoneos;
				SWIFT_COMPILATION_MODE = wholemodule;
				SWIFT_OPTIMIZATION_LEVEL = "-O";
				VALIDATE_PRODUCT = YES;
			};
			name = Release;
		};
		CEE61E4A27F46CF5009F111C /* Debug */ = {
			isa = XCBuildConfiguration;
			baseConfigurationReference = 7FFF11672A2DFCEB81F5B3C5 /* Pods-Practice2.debug.xcconfig */;
			buildSettings = {
				ASSETCATALOG_COMPILER_APPICON_NAME = AppIcon;
				ASSETCATALOG_COMPILER_GLOBAL_ACCENT_COLOR_NAME = AccentColor;
				CODE_SIGN_STYLE = Automatic;
				CURRENT_PROJECT_VERSION = 1;
				DEVELOPMENT_ASSET_PATHS = "";
				DEVELOPMENT_TEAM = TC53Y8X647;
				ENABLE_PREVIEWS = YES;
				GENERATE_INFOPLIST_FILE = YES;
				INFOPLIST_KEY_UIApplicationSceneManifest_Generation = YES;
				INFOPLIST_KEY_UIApplicationSupportsIndirectInputEvents = YES;
				INFOPLIST_KEY_UILaunchScreen_Generation = YES;
				INFOPLIST_KEY_UISupportedInterfaceOrientations_iPad = "UIInterfaceOrientationPortrait UIInterfaceOrientationPortraitUpsideDown UIInterfaceOrientationLandscapeLeft UIInterfaceOrientationLandscapeRight";
				INFOPLIST_KEY_UISupportedInterfaceOrientations_iPhone = "UIInterfaceOrientationPortrait UIInterfaceOrientationLandscapeLeft UIInterfaceOrientationLandscapeRight";
				LD_RUNPATH_SEARCH_PATHS = (
					"$(inherited)",
					"@executable_path/Frameworks",
				);
				MARKETING_VERSION = 1.0;
				PRODUCT_BUNDLE_IDENTIFIER = com.abudnitskiy.Practice2;
				PRODUCT_NAME = "$(TARGET_NAME)";
				SWIFT_EMIT_LOC_STRINGS = YES;
				SWIFT_VERSION = 5.0;
				TARGETED_DEVICE_FAMILY = "1,2";
			};
			name = Debug;
		};
		CEE61E4B27F46CF5009F111C /* Release */ = {
			isa = XCBuildConfiguration;
			baseConfigurationReference = 965DFF08A75B19560509A10F /* Pods-Practice2.release.xcconfig */;
			buildSettings = {
				ASSETCATALOG_COMPILER_APPICON_NAME = AppIcon;
				ASSETCATALOG_COMPILER_GLOBAL_ACCENT_COLOR_NAME = AccentColor;
				CODE_SIGN_STYLE = Automatic;
				CURRENT_PROJECT_VERSION = 1;
				DEVELOPMENT_ASSET_PATHS = "";
				DEVELOPMENT_TEAM = TC53Y8X647;
				ENABLE_PREVIEWS = YES;
				GENERATE_INFOPLIST_FILE = YES;
				INFOPLIST_KEY_UIApplicationSceneManifest_Generation = YES;
				INFOPLIST_KEY_UIApplicationSupportsIndirectInputEvents = YES;
				INFOPLIST_KEY_UILaunchScreen_Generation = YES;
				INFOPLIST_KEY_UISupportedInterfaceOrientations_iPad = "UIInterfaceOrientationPortrait UIInterfaceOrientationPortraitUpsideDown UIInterfaceOrientationLandscapeLeft UIInterfaceOrientationLandscapeRight";
				INFOPLIST_KEY_UISupportedInterfaceOrientations_iPhone = "UIInterfaceOrientationPortrait UIInterfaceOrientationLandscapeLeft UIInterfaceOrientationLandscapeRight";
				LD_RUNPATH_SEARCH_PATHS = (
					"$(inherited)",
					"@executable_path/Frameworks",
				);
				MARKETING_VERSION = 1.0;
				PRODUCT_BUNDLE_IDENTIFIER = com.abudnitskiy.Practice2;
				PRODUCT_NAME = "$(TARGET_NAME)";
				SWIFT_EMIT_LOC_STRINGS = YES;
				SWIFT_VERSION = 5.0;
				TARGETED_DEVICE_FAMILY = "1,2";
			};
			name = Release;
		};
/* End XCBuildConfiguration section */

/* Begin XCConfigurationList section */
		CEE61E3627F46CF1009F111C /* Build configuration list for PBXProject "Practice2" */ = {
			isa = XCConfigurationList;
			buildConfigurations = (
				CEE61E4727F46CF5009F111C /* Debug */,
				CEE61E4827F46CF5009F111C /* Release */,
			);
			defaultConfigurationIsVisible = 0;
			defaultConfigurationName = Release;
		};
		CEE61E4927F46CF5009F111C /* Build configuration list for PBXNativeTarget "Practice2" */ = {
			isa = XCConfigurationList;
			buildConfigurations = (
				CEE61E4A27F46CF5009F111C /* Debug */,
				CEE61E4B27F46CF5009F111C /* Release */,
			);
			defaultConfigurationIsVisible = 0;
			defaultConfigurationName = Release;
		};
/* End XCConfigurationList section */
	};
	rootObject = CEE61E3327F46CF1009F111C /* Project object */;
}
